# This file is automatically @generated by Cargo.
# It is not intended for manual editing.
[[package]]
name = "cpio"
version = "0.2.0"
source = "registry+https://github.com/rust-lang/crates.io-index"

[[package]]
name = "libc"
version = "0.2.62"
source = "registry+https://github.com/rust-lang/crates.io-index"

[[package]]
name = "md5"
version = "0.6.1"
source = "registry+https://github.com/rust-lang/crates.io-index"

[[package]]
name = "md5-tools"
version = "0.0.0"
dependencies = [
 "cpio 0.2.0 (registry+https://github.com/rust-lang/crates.io-index)",
 "libc 0.2.62 (registry+https://github.com/rust-lang/crates.io-index)",
 "md5 0.6.1 (registry+https://github.com/rust-lang/crates.io-index)",
]

[metadata]
"checksum cpio 0.2.0 (registry+https://github.com/rust-lang/crates.io-index)" = "f00177cda1bb5c5b0a05b1b506125c776411cdfc6a41085126881266e0cdc242"
"checksum libc 0.2.62 (registry+https://github.com/rust-lang/crates.io-index)" = "34fcd2c08d2f832f376f4173a231990fa5aef4e99fb569867318a227ef4c06ba"
"checksum md5 0.6.1 (registry+https://github.com/rust-lang/crates.io-index)" = "7e6bcd6433cff03a4bfc3d9834d504467db1f1cf6d0ea765d37d330249ed629d"
